// !$*UTF8*$!
{
	archiveVersion = 1;
	classes = {
	};
	objectVersion = 50;
	objects = {

/* Begin PBXBuildFile section */
		3D45E2AC230350E1003A68B0 /* AppDelegate.swift in Sources */ = {isa = PBXBuildFile; fileRef = 3D45E2AB230350E1003A68B0 /* AppDelegate.swift */; };
		3D45E2AE230350E1003A68B0 /* ViewController.swift in Sources */ = {isa = PBXBuildFile; fileRef = 3D45E2AD230350E1003A68B0 /* ViewController.swift */; };
		3D45E2B1230350E1003A68B0 /* Main.storyboard in Resources */ = {isa = PBXBuildFile; fileRef = 3D45E2AF230350E1003A68B0 /* Main.storyboard */; };
		3D45E2B3230350E4003A68B0 /* Assets.xcassets in Resources */ = {isa = PBXBuildFile; fileRef = 3D45E2B2230350E4003A68B0 /* Assets.xcassets */; };
		3D45E2B6230350E4003A68B0 /* LaunchScreen.storyboard in Resources */ = {isa = PBXBuildFile; fileRef = 3D45E2B4230350E4003A68B0 /* LaunchScreen.storyboard */; };
		3D45E2C1230350E4003A68B0 /* iOSConstraintsTests.swift in Sources */ = {isa = PBXBuildFile; fileRef = 3D45E2C0230350E4003A68B0 /* iOSConstraintsTests.swift */; };
		3D45E2CC230350E4003A68B0 /* iOSConstraintsUITests.swift in Sources */ = {isa = PBXBuildFile; fileRef = 3D45E2CB230350E4003A68B0 /* iOSConstraintsUITests.swift */; };
/* End PBXBuildFile section */

/* Begin PBXContainerItemProxy section */
		3D45E2BD230350E4003A68B0 /* PBXContainerItemProxy */ = {
			isa = PBXContainerItemProxy;
			containerPortal = 3D45E2A0230350E0003A68B0 /* Project object */;
			proxyType = 1;
			remoteGlobalIDString = 3D45E2A7230350E1003A68B0;
			remoteInfo = iOSConstraints;
		};
		3D45E2C8230350E4003A68B0 /* PBXContainerItemProxy */ = {
			isa = PBXContainerItemProxy;
			containerPortal = 3D45E2A0230350E0003A68B0 /* Project object */;
			proxyType = 1;
			remoteGlobalIDString = 3D45E2A7230350E1003A68B0;
			remoteInfo = iOSConstraints;
		};
/* End PBXContainerItemProxy section */

/* Begin PBXFileReference section */
		3D45E2A8230350E1003A68B0 /* iOSConstraints.app */ = {isa = PBXFileReference; explicitFileType = wrapper.application; includeInIndex = 0; path = iOSConstraints.app; sourceTree = BUILT_PRODUCTS_DIR; };
		3D45E2AB230350E1003A68B0 /* AppDelegate.swift */ = {isa = PBXFileReference; lastKnownFileType = sourcecode.swift; path = AppDelegate.swift; sourceTree = "<group>"; };
		3D45E2AD230350E1003A68B0 /* ViewController.swift */ = {isa = PBXFileReference; lastKnownFileType = sourcecode.swift; path = ViewController.swift; sourceTree = "<group>"; };
		3D45E2B0230350E1003A68B0 /* Base */ = {isa = PBXFileReference; lastKnownFileType = file.storyboard; name = Base; path = Base.lproj/Main.storyboard; sourceTree = "<group>"; };
		3D45E2B2230350E4003A68B0 /* Assets.xcassets */ = {isa = PBXFileReference; lastKnownFileType = folder.assetcatalog; path = Assets.xcassets; sourceTree = "<group>"; };
		3D45E2B5230350E4003A68B0 /* Base */ = {isa = PBXFileReference; lastKnownFileType = file.storyboard; name = Base; path = Base.lproj/LaunchScreen.storyboard; sourceTree = "<group>"; };
		3D45E2B7230350E4003A68B0 /* Info.plist */ = {isa = PBXFileReference; lastKnownFileType = text.plist.xml; path = Info.plist; sourceTree = "<group>"; };
		3D45E2BC230350E4003A68B0 /* iOSConstraintsTests.xctest */ = {isa = PBXFileReference; explicitFileType = wrapper.cfbundle; includeInIndex = 0; path = iOSConstraintsTests.xctest; sourceTree = BUILT_PRODUCTS_DIR; };
		3D45E2C0230350E4003A68B0 /* iOSConstraintsTests.swift */ = {isa = PBXFileReference; lastKnownFileType = sourcecode.swift; path = iOSConstraintsTests.swift; sourceTree = "<group>"; };
		3D45E2C2230350E4003A68B0 /* Info.plist */ = {isa = PBXFileReference; lastKnownFileType = text.plist.xml; path = Info.plist; sourceTree = "<group>"; };
		3D45E2C7230350E4003A68B0 /* iOSConstraintsUITests.xctest */ = {isa = PBXFileReference; explicitFileType = wrapper.cfbundle; includeInIndex = 0; path = iOSConstraintsUITests.xctest; sourceTree = BUILT_PRODUCTS_DIR; };
		3D45E2CB230350E4003A68B0 /* iOSConstraintsUITests.swift */ = {isa = PBXFileReference; lastKnownFileType = sourcecode.swift; path = iOSConstraintsUITests.swift; sourceTree = "<group>"; };
		3D45E2CD230350E4003A68B0 /* Info.plist */ = {isa = PBXFileReference; lastKnownFileType = text.plist.xml; path = Info.plist; sourceTree = "<group>"; };
/* End PBXFileReference section */

/* Begin PBXFrameworksBuildPhase section */
		3D45E2A5230350E1003A68B0 /* Frameworks */ = {
			isa = PBXFrameworksBuildPhase;
			buildActionMask = 2147483647;
			files = (
			);
			runOnlyForDeploymentPostprocessing = 0;
		};
		3D45E2B9230350E4003A68B0 /* Frameworks */ = {
			isa = PBXFrameworksBuildPhase;
			buildActionMask = 2147483647;
			files = (
			);
			runOnlyForDeploymentPostprocessing = 0;
		};
		3D45E2C4230350E4003A68B0 /* Frameworks */ = {
			isa = PBXFrameworksBuildPhase;
			buildActionMask = 2147483647;
			files = (
			);
			runOnlyForDeploymentPostprocessing = 0;
		};
/* End PBXFrameworksBuildPhase section */

/* Begin PBXGroup section */
		3D45E29F230350E0003A68B0 = {
			isa = PBXGroup;
			children = (
				3D45E2AA230350E1003A68B0 /* iOSConstraints */,
				3D45E2BF230350E4003A68B0 /* iOSConstraintsTests */,
				3D45E2CA230350E4003A68B0 /* iOSConstraintsUITests */,
				3D45E2A9230350E1003A68B0 /* Products */,
			);
			sourceTree = "<group>";
		};
		3D45E2A9230350E1003A68B0 /* Products */ = {
			isa = PBXGroup;
			children = (
				3D45E2A8230350E1003A68B0 /* iOSConstraints.app */,
				3D45E2BC230350E4003A68B0 /* iOSConstraintsTests.xctest */,
				3D45E2C7230350E4003A68B0 /* iOSConstraintsUITests.xctest */,
			);
			name = Products;
			sourceTree = "<group>";
		};
		3D45E2AA230350E1003A68B0 /* iOSConstraints */ = {
			isa = PBXGroup;
			children = (
				3D45E2AB230350E1003A68B0 /* AppDelegate.swift */,
				3D45E2AD230350E1003A68B0 /* ViewController.swift */,
				3D45E2AF230350E1003A68B0 /* Main.storyboard */,
				3D45E2B2230350E4003A68B0 /* Assets.xcassets */,
				3D45E2B4230350E4003A68B0 /* LaunchScreen.storyboard */,
				3D45E2B7230350E4003A68B0 /* Info.plist */,
			);
			path = iOSConstraints;
			sourceTree = "<group>";
		};
		3D45E2BF230350E4003A68B0 /* iOSConstraintsTests */ = {
			isa = PBXGroup;
			children = (
				3D45E2C0230350E4003A68B0 /* iOSConstraintsTests.swift */,
				3D45E2C2230350E4003A68B0 /* Info.plist */,
			);
			path = iOSConstraintsTests;
			sourceTree = "<group>";
		};
		3D45E2CA230350E4003A68B0 /* iOSConstraintsUITests */ = {
			isa = PBXGroup;
			children = (
				3D45E2CB230350E4003A68B0 /* iOSConstraintsUITests.swift */,
				3D45E2CD230350E4003A68B0 /* Info.plist */,
			);
			path = iOSConstraintsUITests;
			sourceTree = "<group>";
		};
/* End PBXGroup section */

/* Begin PBXNativeTarget section */
		3D45E2A7230350E1003A68B0 /* iOSConstraints */ = {
			isa = PBXNativeTarget;
			buildConfigurationList = 3D45E2D0230350E4003A68B0 /* Build configuration list for PBXNativeTarget "iOSConstraints" */;
			buildPhases = (
				3D45E2A4230350E1003A68B0 /* Sources */,
				3D45E2A5230350E1003A68B0 /* Frameworks */,
				3D45E2A6230350E1003A68B0 /* Resources */,
			);
			buildRules = (
			);
			dependencies = (
			);
			name = iOSConstraints;
			productName = iOSConstraints;
			productReference = 3D45E2A8230350E1003A68B0 /* iOSConstraints.app */;
			productType = "com.apple.product-type.application";
		};
		3D45E2BB230350E4003A68B0 /* iOSConstraintsTests */ = {
			isa = PBXNativeTarget;
			buildConfigurationList = 3D45E2D3230350E4003A68B0 /* Build configuration list for PBXNativeTarget "iOSConstraintsTests" */;
			buildPhases = (
				3D45E2B8230350E4003A68B0 /* Sources */,
				3D45E2B9230350E4003A68B0 /* Frameworks */,
				3D45E2BA230350E4003A68B0 /* Resources */,
			);
			buildRules = (
			);
			dependencies = (
				3D45E2BE230350E4003A68B0 /* PBXTargetDependency */,
			);
			name = iOSConstraintsTests;
			productName = iOSConstraintsTests;
			productReference = 3D45E2BC230350E4003A68B0 /* iOSConstraintsTests.xctest */;
			productType = "com.apple.product-type.bundle.unit-test";
		};
		3D45E2C6230350E4003A68B0 /* iOSConstraintsUITests */ = {
			isa = PBXNativeTarget;
			buildConfigurationList = 3D45E2D6230350E4003A68B0 /* Build configuration list for PBXNativeTarget "iOSConstraintsUITests" */;
			buildPhases = (
				3D45E2C3230350E4003A68B0 /* Sources */,
				3D45E2C4230350E4003A68B0 /* Frameworks */,
				3D45E2C5230350E4003A68B0 /* Resources */,
			);
			buildRules = (
			);
			dependencies = (
				3D45E2C9230350E4003A68B0 /* PBXTargetDependency */,
			);
			name = iOSConstraintsUITests;
			productName = iOSConstraintsUITests;
			productReference = 3D45E2C7230350E4003A68B0 /* iOSConstraintsUITests.xctest */;
			productType = "com.apple.product-type.bundle.ui-testing";
		};
/* End PBXNativeTarget section */

/* Begin PBXProject section */
		3D45E2A0230350E0003A68B0 /* Project object */ = {
			isa = PBXProject;
			attributes = {
				LastSwiftUpdateCheck = 0940;
				LastUpgradeCheck = 0940;
				ORGANIZATIONNAME = Alumno;
				TargetAttributes = {
					3D45E2A7230350E1003A68B0 = {
						CreatedOnToolsVersion = 9.4.1;
					};
					3D45E2BB230350E4003A68B0 = {
						CreatedOnToolsVersion = 9.4.1;
						TestTargetID = 3D45E2A7230350E1003A68B0;
					};
					3D45E2C6230350E4003A68B0 = {
						CreatedOnToolsVersion = 9.4.1;
						TestTargetID = 3D45E2A7230350E1003A68B0;
					};
				};
			};
			buildConfigurationList = 3D45E2A3230350E0003A68B0 /* Build configuration list for PBXProject "iOSConstraints" */;
			compatibilityVersion = "Xcode 9.3";
			developmentRegion = en;
			hasScannedForEncodings = 0;
			knownRegions = (
				en,
				Base,
			);
			mainGroup = 3D45E29F230350E0003A68B0;
			productRefGroup = 3D45E2A9230350E1003A68B0 /* Products */;
			projectDirPath = "";
			projectRoot = "";
			targets = (
				3D45E2A7230350E1003A68B0 /* iOSConstraints */,
				3D45E2BB230350E4003A68B0 /* iOSConstraintsTests */,
				3D45E2C6230350E4003A68B0 /* iOSConstraintsUITests */,
			);
		};
/* End PBXProject section */

/* Begin PBXResourcesBuildPhase section */
		3D45E2A6230350E1003A68B0 /* Resources */ = {
			isa = PBXResourcesBuildPhase;
			buildActionMask = 2147483647;
			files = (
				3D45E2B6230350E4003A68B0 /* LaunchScreen.storyboard in Resources */,
				3D45E2B3230350E4003A68B0 /* Assets.xcassets in Resources */,
				3D45E2B1230350E1003A68B0 /* Main.storyboard in Resources */,
			);
			runOnlyForDeploymentPostprocessing = 0;
		};
		3D45E2BA230350E4003A68B0 /* Resources */ = {
			isa = PBXResourcesBuildPhase;
			buildActionMask = 2147483647;
			files = (
			);
			runOnlyForDeploymentPostprocessing = 0;
		};
		3D45E2C5230350E4003A68B0 /* Resources */ = {
			isa = PBXResourcesBuildPhase;
			buildActionMask = 2147483647;
			files = (
			);
			runOnlyForDeploymentPostprocessing = 0;
		};
/* End PBXResourcesBuildPhase section */

/* Begin PBXSourcesBuildPhase section */
		3D45E2A4230350E1003A68B0 /* Sources */ = {
			isa = PBXSourcesBuildPhase;
			buildActionMask = 2147483647;
			files = (
				3D45E2AE230350E1003A68B0 /* ViewController.swift in Sources */,
				3D45E2AC230350E1003A68B0 /* AppDelegate.swift in Sources */,
			);
			runOnlyForDeploymentPostprocessing = 0;
		};
		3D45E2B8230350E4003A68B0 /* Sources */ = {
			isa = PBXSourcesBuildPhase;
			buildActionMask = 2147483647;
			files = (
				3D45E2C1230350E4003A68B0 /* iOSConstraintsTests.swift in Sources */,
			);
			runOnlyForDeploymentPostprocessing = 0;
		};
		3D45E2C3230350E4003A68B0 /* Sources */ = {
			isa = PBXSourcesBuildPhase;
			buildActionMask = 2147483647;
			files = (
				3D45E2CC230350E4003A68B0 /* iOSConstraintsUITests.swift in Sources */,
			);
			runOnlyForDeploymentPostprocessing = 0;
		};
/* End PBXSourcesBuildPhase section */

/* Begin PBXTargetDependency section */
		3D45E2BE230350E4003A68B0 /* PBXTargetDependency */ = {
			isa = PBXTargetDependency;
			target = 3D45E2A7230350E1003A68B0 /* iOSConstraints */;
			targetProxy = 3D45E2BD230350E4003A68B0 /* PBXContainerItemProxy */;
		};
		3D45E2C9230350E4003A68B0 /* PBXTargetDependency */ = {
			isa = PBXTargetDependency;
			target = 3D45E2A7230350E1003A68B0 /* iOSConstraints */;
			targetProxy = 3D45E2C8230350E4003A68B0 /* PBXContainerItemProxy */;
		};
/* End PBXTargetDependency section */

/* Begin PBXVariantGroup section */
		3D45E2AF230350E1003A68B0 /* Main.storyboard */ = {
			isa = PBXVariantGroup;
			children = (
				3D45E2B0230350E1003A68B0 /* Base */,
			);
			name = Main.storyboard;
			sourceTree = "<group>";
		};
		3D45E2B4230350E4003A68B0 /* LaunchScreen.storyboard */ = {
			isa = PBXVariantGroup;
			children = (
				3D45E2B5230350E4003A68B0 /* Base */,
			);
			name = LaunchScreen.storyboard;
			sourceTree = "<group>";
		};
/* End PBXVariantGroup section */

/* Begin XCBuildConfiguration section */
		3D45E2CE230350E4003A68B0 /* Debug */ = {
			isa = XCBuildConfiguration;
			buildSettings = {
				ALWAYS_SEARCH_USER_PATHS = NO;
				CLANG_ANALYZER_NONNULL = YES;
				CLANG_ANALYZER_NUMBER_OBJECT_CONVERSION = YES_AGGRESSIVE;
				CLANG_CXX_LANGUAGE_STANDARD = "gnu++14";
				CLANG_CXX_LIBRARY = "libc++";
				CLANG_ENABLE_MODULES = YES;
				CLANG_ENABLE_OBJC_ARC = YES;
				CLANG_ENABLE_OBJC_WEAK = YES;
				CLANG_WARN_BLOCK_CAPTURE_AUTORELEASING = YES;
				CLANG_WARN_BOOL_CONVERSION = YES;
				CLANG_WARN_COMMA = YES;
				CLANG_WARN_CONSTANT_CONVERSION = YES;
				CLANG_WARN_DEPRECATED_OBJC_IMPLEMENTATIONS = YES;
				CLANG_WARN_DIRECT_OBJC_ISA_USAGE = YES_ERROR;
				CLANG_WARN_DOCUMENTATION_COMMENTS = YES;
				CLANG_WARN_EMPTY_BODY = YES;
				CLANG_WARN_ENUM_CONVERSION = YES;
				CLANG_WARN_INFINITE_RECURSION = YES;
				CLANG_WARN_INT_CONVERSION = YES;
				CLANG_WARN_NON_LITERAL_NULL_CONVERSION = YES;
				CLANG_WARN_OBJC_IMPLICIT_RETAIN_SELF = YES;
				CLANG_WARN_OBJC_LITERAL_CONVERSION = YES;
				CLANG_WARN_OBJC_ROOT_CLASS = YES_ERROR;
				CLANG_WARN_RANGE_LOOP_ANALYSIS = YES;
				CLANG_WARN_STRICT_PROTOTYPES = YES;
				CLANG_WARN_SUSPICIOUS_MOVE = YES;
				CLANG_WARN_UNGUARDED_AVAILABILITY = YES_AGGRESSIVE;
				CLANG_WARN_UNREACHABLE_CODE = YES;
				CLANG_WARN__DUPLICATE_METHOD_MATCH = YES;
				CODE_SIGN_IDENTITY = "iPhone Developer";
				COPY_PHASE_STRIP = NO;
				DEBUG_INFORMATION_FORMAT = dwarf;
				ENABLE_STRICT_OBJC_MSGSEND = YES;
				ENABLE_TESTABILITY = YES;
				GCC_C_LANGUAGE_STANDARD = gnu11;
				GCC_DYNAMIC_NO_PIC = NO;
				GCC_NO_COMMON_BLOCKS = YES;
				GCC_OPTIMIZATION_LEVEL = 0;
				GCC_PREPROCESSOR_DEFINITIONS = (
					"DEBUG=1",
					"$(inherited)",
				);
				GCC_WARN_64_TO_32_BIT_CONVERSION = YES;
				GCC_WARN_ABOUT_RETURN_TYPE = YES_ERROR;
				GCC_WARN_UNDECLARED_SELECTOR = YES;
				GCC_WARN_UNINITIALIZED_AUTOS = YES_AGGRESSIVE;
				GCC_WARN_UNUSED_FUNCTION = YES;
				GCC_WARN_UNUSED_VARIABLE = YES;
				IPHONEOS_DEPLOYMENT_TARGET = 11.4;
				MTL_ENABLE_DEBUG_INFO = YES;
				ONLY_ACTIVE_ARCH = YES;
				SDKROOT = iphoneos;
				SWIFT_ACTIVE_COMPILATION_CONDITIONS = DEBUG;
				SWIFT_OPTIMIZATION_LEVEL = "-Onone";
			};
			name = Debug;
		};
		3D45E2CF230350E4003A68B0 /* Release */ = {
			isa = XCBuildConfiguration;
			buildSettings = {
				ALWAYS_SEARCH_USER_PATHS = NO;
				CLANG_ANALYZER_NONNULL = YES;
				CLANG_ANALYZER_NUMBER_OBJECT_CONVERSION = YES_AGGRESSIVE;
				CLANG_CXX_LANGUAGE_STANDARD = "gnu++14";
				CLANG_CXX_LIBRARY = "libc++";
				CLANG_ENABLE_MODULES = YES;
				CLANG_ENABLE_OBJC_ARC = YES;
				CLANG_ENABLE_OBJC_WEAK = YES;
				CLANG_WARN_BLOCK_CAPTURE_AUTORELEASING = YES;
				CLANG_WARN_BOOL_CONVERSION = YES;
				CLANG_WARN_COMMA = YES;
				CLANG_WARN_CONSTANT_CONVERSION = YES;
				CLANG_WARN_DEPRECATED_OBJC_IMPLEMENTATIONS = YES;
				CLANG_WARN_DIRECT_OBJC_ISA_USAGE = YES_ERROR;
				CLANG_WARN_DOCUMENTATION_COMMENTS = YES;
				CLANG_WARN_EMPTY_BODY = YES;
				CLANG_WARN_ENUM_CONVERSION = YES;
				CLANG_WARN_INFINITE_RECURSION = YES;
				CLANG_WARN_INT_CONVERSION = YES;
				CLANG_WARN_NON_LITERAL_NULL_CONVERSION = YES;
				CLANG_WARN_OBJC_IMPLICIT_RETAIN_SELF = YES;
				CLANG_WARN_OBJC_LITERAL_CONVERSION = YES;
				CLANG_WARN_OBJC_ROOT_CLASS = YES_ERROR;
				CLANG_WARN_RANGE_LOOP_ANALYSIS = YES;
				CLANG_WARN_STRICT_PROTOTYPES = YES;
				CLANG_WARN_SUSPICIOUS_MOVE = YES;
				CLANG_WARN_UNGUARDED_AVAILABILITY = YES_AGGRESSIVE;
				CLANG_WARN_UNREACHABLE_CODE = YES;
				CLANG_WARN__DUPLICATE_METHOD_MATCH = YES;
				CODE_SIGN_IDENTITY = "iPhone Developer";
				COPY_PHASE_STRIP = NO;
				DEBUG_INFORMATION_FORMAT = "dwarf-with-dsym";
				ENABLE_NS_ASSERTIONS = NO;
				ENABLE_STRICT_OBJC_MSGSEND = YES;
				GCC_C_LANGUAGE_STANDARD = gnu11;
				GCC_NO_COMMON_BLOCKS = YES;
				GCC_WARN_64_TO_32_BIT_CONVERSION = YES;
				GCC_WARN_ABOUT_RETURN_TYPE = YES_ERROR;
				GCC_WARN_UNDECLARED_SELECTOR = YES;
				GCC_WARN_UNINITIALIZED_AUTOS = YES_AGGRESSIVE;
				GCC_WARN_UNUSED_FUNCTION = YES;
				GCC_WARN_UNUSED_VARIABLE = YES;
				IPHONEOS_DEPLOYMENT_TARGET = 11.4;
				MTL_ENABLE_DEBUG_INFO = NO;
				SDKROOT = iphoneos;
				SWIFT_COMPILATION_MODE = wholemodule;
				SWIFT_OPTIMIZATION_LEVEL = "-O";
				VALIDATE_PRODUCT = YES;
			};
			name = Release;
		};
		3D45E2D1230350E4003A68B0 /* Debug */ = {
			isa = XCBuildConfiguration;
			buildSettings = {
				ASSETCATALOG_COMPILER_APPICON_NAME = AppIcon;
				CODE_SIGN_STYLE = Automatic;
				INFOPLIST_FILE = iOSConstraints/Info.plist;
				LD_RUNPATH_SEARCH_PATHS = (
					"$(inherited)",
					"@executable_path/Frameworks",
				);
				PRODUCT_BUNDLE_IDENTIFIER = ulsa.edu.iOSConstraints;
				PRODUCT_NAME = "$(TARGET_NAME)";
				SWIFT_VERSION = 4.0;
				TARGETED_DEVICE_FAMILY = "1,2";
			};
			name = Debug;
		};
		3D45E2D2230350E4003A68B0 /* Release */ = {
			isa = XCBuildConfiguration;
			buildSettings = {
				ASSETCATALOG_COMPILER_APPICON_NAME = AppIcon;
				CODE_SIGN_STYLE = Automatic;
				INFOPLIST_FILE = iOSConstraints/Info.plist;
				LD_RUNPATH_SEARCH_PATHS = (
					"$(inherited)",
					"@executable_path/Frameworks",
				);
				PRODUCT_BUNDLE_IDENTIFIER = ulsa.edu.iOSConstraints;
				PRODUCT_NAME = "$(TARGET_NAME)";
				SWIFT_VERSION = 4.0;
				TARGETED_DEVICE_FAMILY = "1,2";
			};
			name = Release;
		};
		3D45E2D4230350E4003A68B0 /* Debug */ = {
			isa = XCBuildConfiguration;
			buildSettings = {
				ALWAYS_EMBED_SWIFT_STANDARD_LIBRARIES = YES;
				BUNDLE_LOADER = "$(TEST_HOST)";
				CODE_SIGN_STYLE = Automatic;
				INFOPLIST_FILE = iOSConstraintsTests/Info.plist;
				LD_RUNPATH_SEARCH_PATHS = (
					"$(inherited)",
					"@executable_path/Frameworks",
					"@loader_path/Frameworks",
				);
				PRODUCT_BUNDLE_IDENTIFIER = ulsa.edu.iOSConstraintsTests;
				PRODUCT_NAME = "$(TARGET_NAME)";
				SWIFT_VERSION = 4.0;
				TARGETED_DEVICE_FAMILY = "1,2";
				TEST_HOST = "$(BUILT_PRODUCTS_DIR)/iOSConstraints.app/iOSConstraints";
			};
			name = Debug;
		};
		3D45E2D5230350E4003A68B0 /* Release */ = {
			isa = XCBuildConfiguration;
			buildSettings = {
				ALWAYS_EMBED_SWIFT_STANDARD_LIBRARIES = YES;
				BUNDLE_LOADER = "$(TEST_HOST)";
				CODE_SIGN_STYLE = Automatic;
				INFOPLIST_FILE = iOSConstraintsTests/Info.plist;
				LD_RUNPATH_SEARCH_PATHS = (
					"$(inherited)",
					"@executable_path/Frameworks",
					"@loader_path/Frameworks",
				);
				PRODUCT_BUNDLE_IDENTIFIER = ulsa.edu.iOSConstraintsTests;
				PRODUCT_NAME = "$(TARGET_NAME)";
				SWIFT_VERSION = 4.0;
				TARGETED_DEVICE_FAMILY = "1,2";
				TEST_HOST = "$(BUILT_PRODUCTS_DIR)/iOSConstraints.app/iOSConstraints";
			};
			name = Release;
		};
		3D45E2D7230350E4003A68B0 /* Debug */ = {
			isa = XCBuildConfiguration;
			buildSettings = {
				ALWAYS_EMBED_SWIFT_STANDARD_LIBRARIES = YES;
				CODE_SIGN_STYLE = Automatic;
				INFOPLIST_FILE = iOSConstraintsUITests/Info.plist;
				LD_RUNPATH_SEARCH_PATHS = (
					"$(inherited)",
					"@executable_path/Frameworks",
					"@loader_path/Frameworks",
				);
				PRODUCT_BUNDLE_IDENTIFIER = ulsa.edu.iOSConstraintsUITests;
				PRODUCT_NAME = "$(TARGET_NAME)";
				SWIFT_VERSION = 4.0;
				TARGETED_DEVICE_FAMILY = "1,2";
				TEST_TARGET_NAME = iOSConstraints;
			};
			name = Debug;
		};
		3D45E2D8230350E4003A68B0 /* Release */ = {
			isa = XCBuildConfiguration;
			buildSettings = {
				ALWAYS_EMBED_SWIFT_STANDARD_LIBRARIES = YES;
				CODE_SIGN_STYLE = Automatic;
				INFOPLIST_FILE = iOSConstraintsUITests/Info.plist;
				LD_RUNPATH_SEARCH_PATHS = (
					"$(inherited)",
					"@executable_path/Frameworks",
					"@loader_path/Frameworks",
				);
				PRODUCT_BUNDLE_IDENTIFIER = ulsa.edu.iOSConstraintsUITests;
				PRODUCT_NAME = "$(TARGET_NAME)";
				SWIFT_VERSION = 4.0;
				TARGETED_DEVICE_FAMILY = "1,2";
				TEST_TARGET_NAME = iOSConstraints;
			};
			name = Release;
		};
/* End XCBuildConfiguration section */

/* Begin XCConfigurationList section */
		3D45E2A3230350E0003A68B0 /* Build configuration list for PBXProject "iOSConstraints" */ = {
			isa = XCConfigurationList;
			buildConfigurations = (
				3D45E2CE230350E4003A68B0 /* Debug */,
				3D45E2CF230350E4003A68B0 /* Release */,
			);
			defaultConfigurationIsVisible = 0;
			defaultConfigurationName = Release;
		};
		3D45E2D0230350E4003A68B0 /* Build configuration list for PBXNativeTarget "iOSConstraints" */ = {
			isa = XCConfigurationList;
			buildConfigurations = (
				3D45E2D1230350E4003A68B0 /* Debug */,
				3D45E2D2230350E4003A68B0 /* Release */,
			);
			defaultConfigurationIsVisible = 0;
			defaultConfigurationName = Release;
		};
		3D45E2D3230350E4003A68B0 /* Build configuration list for PBXNativeTarget "iOSConstraintsTests" */ = {
			isa = XCConfigurationList;
			buildConfigurations = (
				3D45E2D4230350E4003A68B0 /* Debug */,
				3D45E2D5230350E4003A68B0 /* Release */,
			);
			defaultConfigurationIsVisible = 0;
			defaultConfigurationName = Release;
		};
		3D45E2D6230350E4003A68B0 /* Build configuration list for PBXNativeTarget "iOSConstraintsUITests" */ = {
			isa = XCConfigurationList;
			buildConfigurations = (
				3D45E2D7230350E4003A68B0 /* Debug */,
				3D45E2D8230350E4003A68B0 /* Release */,
			);
			defaultConfigurationIsVisible = 0;
			defaultConfigurationName = Release;
		};
/* End XCConfigurationList section */
	};
	rootObject = 3D45E2A0230350E0003A68B0 /* Project object */;
}
